
Microsoft Visual Studio Solution File, Format Version 12.00
# Visual Studio Version 16
VisualStudioVersion = 16.0.30503.244
MinimumVisualStudioVersion = 10.0.40219.1
Project("{FAE04EC0-301F-11D3-BF4B-00C04F79EFBC}") = "Mini Project_1st Module", "Mini Project_1st Module\Mini Project_1st Module.csproj", "{DE6984C3-1625-4A68-A9AA-9F9E7C9F1005}"
EndProject
Global
	GlobalSection(SolutionConfigurationPlatforms) = preSolution
		Debug|Any CPU = Debug|Any CPU
		Release|Any CPU = Release|Any CPU
	EndGlobalSection
	GlobalSection(ProjectConfigurationPlatforms) = postSolution
		{DE6984C3-1625-4A68-A9AA-9F9E7C9F1005}.Debug|Any CPU.ActiveCfg = Debug|Any CPU
		{DE6984C3-1625-4A68-A9AA-9F9E7C9F1005}.Debug|Any CPU.Build.0 = Debug|Any CPU
		{DE6984C3-1625-4A68-A9AA-9F9E7C9F1005}.Release|Any CPU.ActiveCfg = Release|Any CPU
		{DE6984C3-1625-4A68-A9AA-9F9E7C9F1005}.Release|Any CPU.Build.0 = Release|Any CPU
	EndGlobalSection
	GlobalSection(SolutionProperties) = preSolution
		HideSolutionNode = FALSE
	EndGlobalSection
	GlobalSection(ExtensibilityGlobals) = postSolution
		SolutionGuid = {BFDF6176-6F77-4D66-BE8C-FF7225C3CE91}
	EndGlobalSection
EndGlobal
